Microsoft Visual Studio Solution File, Format Version 12.00
# Visual Studio 15
VisualStudioVersion = 15.0.27703.2042
MinimumVisualStudioVersion = 10.0.40219.1
Project("{FAE04EC0-301F-11D3-BF4B-00C04F79EFBC}") = "SocialLadder.Droid", "Droid\SocialLadder.Droid.csproj", "{DC18FED6-5146-4AD4-A939-D67A1178EC13}"
EndProject
Project("{FAE04EC0-301F-11D3-BF4B-00C04F79EFBC}") = "SocialLadder.iOS", "iOS\SocialLadder.iOS.csproj", "{5EB65D29-EF80-481E-828E-5844CC4AE23A}"
EndProject
Project("{FAE04EC0-301F-11D3-BF4B-00C04F79EFBC}") = "SocialLadder", "SocialLadder\SocialLadder.csproj", "{9091AE6D-A9AE-4386-995B-4225304073A1}"
EndProject
Global
	GlobalSection(SolutionConfigurationPlatforms) = preSolution
		Debug|Any CPU = Debug|Any CPU
		Debug|iPhone = Debug|iPhone
		Debug|iPhoneSimulator = Debug|iPhoneSimulator
		Release|Any CPU = Release|Any CPU
		Release|iPhone = Release|iPhone
		Release|iPhoneSimulator = Release|iPhoneSimulator
	EndGlobalSection
	GlobalSection(ProjectConfigurationPlatforms) = postSolution
		{DC18FED6-5146-4AD4-A939-D67A1178EC13}.Debug|Any CPU.ActiveCfg = Debug|Any CPU
		{DC18FED6-5146-4AD4-A939-D67A1178EC13}.Debug|Any CPU.Build.0 = Debug|Any CPU
		{DC18FED6-5146-4AD4-A939-D67A1178EC13}.Debug|Any CPU.Deploy.0 = Debug|Any CPU
		{DC18FED6-5146-4AD4-A939-D67A1178EC13}.Debug|iPhone.ActiveCfg = Debug|Any CPU
		{DC18FED6-5146-4AD4-A939-D67A1178EC13}.Debug|iPhone.Build.0 = Debug|Any CPU
		{DC18FED6-5146-4AD4-A939-D67A1178EC13}.Debug|iPhoneSimulator.ActiveCfg = Debug|Any CPU
		{DC18FED6-5146-4AD4-A939-D67A1178EC13}.Debug|iPhoneSimulator.Build.0 = Debug|Any CPU
		{DC18FED6-5146-4AD4-A939-D67A1178EC13}.Release|Any CPU.ActiveCfg = Release|Any CPU
		{DC18FED6-5146-4AD4-A939-D67A1178EC13}.Release|Any CPU.Build.0 = Release|Any CPU
		{DC18FED6-5146-4AD4-A939-D67A1178EC13}.Release|Any CPU.Deploy.0 = Release|Any CPU
		{DC18FED6-5146-4AD4-A939-D67A1178EC13}.Release|iPhone.ActiveCfg = Release|Any CPU
		{DC18FED6-5146-4AD4-A939-D67A1178EC13}.Release|iPhone.Build.0 = Release|Any CPU
		{DC18FED6-5146-4AD4-A939-D67A1178EC13}.Release|iPhoneSimulator.ActiveCfg = Release|Any CPU
		{DC18FED6-5146-4AD4-A939-D67A1178EC13}.Release|iPhoneSimulator.Build.0 = Release|Any CPU
		{5EB65D29-EF80-481E-828E-5844CC4AE23A}.Debug|Any CPU.ActiveCfg = Debug|iPhoneSimulator
		{5EB65D29-EF80-481E-828E-5844CC4AE23A}.Debug|Any CPU.Build.0 = Debug|iPhoneSimulator
		{5EB65D29-EF80-481E-828E-5844CC4AE23A}.Debug|iPhone.ActiveCfg = Debug|iPhone
		{5EB65D29-EF80-481E-828E-5844CC4AE23A}.Debug|iPhone.Build.0 = Debug|iPhone
		{5EB65D29-EF80-481E-828E-5844CC4AE23A}.Debug|iPhoneSimulator.ActiveCfg = Debug|iPhoneSimulator
		{5EB65D29-EF80-481E-828E-5844CC4AE23A}.Debug|iPhoneSimulator.Build.0 = Debug|iPhoneSimulator
		{5EB65D29-EF80-481E-828E-5844CC4AE23A}.Release|Any CPU.ActiveCfg = Release|iPhone
		{5EB65D29-EF80-481E-828E-5844CC4AE23A}.Release|Any CPU.Build.0 = Release|iPhone
		{5EB65D29-EF80-481E-828E-5844CC4AE23A}.Release|iPhone.ActiveCfg = Release|iPhone
		{5EB65D29-EF80-481E-828E-5844CC4AE23A}.Release|iPhone.Build.0 = Release|iPhone
		{5EB65D29-EF80-481E-828E-5844CC4AE23A}.Release|iPhoneSimulator.ActiveCfg = Release|iPhoneSimulator
		{5EB65D29-EF80-481E-828E-5844CC4AE23A}.Release|iPhoneSimulator.Build.0 = Release|iPhoneSimulator
		{9091AE6D-A9AE-4386-995B-4225304073A1}.Debug|Any CPU.ActiveCfg = Debug|Any CPU
		{9091AE6D-A9AE-4386-995B-4225304073A1}.Debug|Any CPU.Build.0 = Debug|Any CPU
		{9091AE6D-A9AE-4386-995B-4225304073A1}.Debug|iPhone.ActiveCfg = Debug|Any CPU
		{9091AE6D-A9AE-4386-995B-4225304073A1}.Debug|iPhone.Build.0 = Debug|Any CPU
		{9091AE6D-A9AE-4386-995B-4225304073A1}.Debug|iPhoneSimulator.ActiveCfg = Debug|Any CPU
		{9091AE6D-A9AE-4386-995B-4225304073A1}.Debug|iPhoneSimulator.Build.0 = Debug|Any CPU
		{9091AE6D-A9AE-4386-995B-4225304073A1}.Release|Any CPU.ActiveCfg = Release|Any CPU
		{9091AE6D-A9AE-4386-995B-4225304073A1}.Release|Any CPU.Build.0 = Release|Any CPU
		{9091AE6D-A9AE-4386-995B-4225304073A1}.Release|iPhone.ActiveCfg = Release|Any CPU
		{9091AE6D-A9AE-4386-995B-4225304073A1}.Release|iPhone.Build.0 = Release|Any CPU
		{9091AE6D-A9AE-4386-995B-4225304073A1}.Release|iPhoneSimulator.ActiveCfg = Release|Any CPU
		{9091AE6D-A9AE-4386-995B-4225304073A1}.Release|iPhoneSimulator.Build.0 = Release|Any CPU
	EndGlobalSection
	GlobalSection(SolutionProperties) = preSolution
		HideSolutionNode = FALSE
	EndGlobalSection
	GlobalSection(ExtensibilityGlobals) = postSolution
		SolutionGuid = {5F380CED-B8F7-45F3-8391-50BBEB7393EB}
	EndGlobalSection
EndGlobal
